
Microsoft Visual Studio Solution File, Format Version 12.00
# Visual Studio 15
VisualStudioVersion = 15.0.27130.2020
MinimumVisualStudioVersion = 10.0.40219.1
Project("{FAE04EC0-301F-11D3-BF4B-00C04F79EFBC}") = "AlienSex", "AlienSex.csproj", "{6C4EB9E3-A27D-45C9-A6B4-2B45A9510486}"
EndProject
Global
	GlobalSection(SolutionConfigurationPlatforms) = preSolution
		Debug|Any CPU = Debug|Any CPU
		Release|Any CPU = Release|Any CPU
	EndGlobalSection
	GlobalSection(ProjectConfigurationPlatforms) = postSolution
		{6C4EB9E3-A27D-45C9-A6B4-2B45A9510486}.Debug|Any CPU.ActiveCfg = Debug|Any CPU
		{6C4EB9E3-A27D-45C9-A6B4-2B45A9510486}.Debug|Any CPU.Build.0 = Debug|Any CPU
		{6C4EB9E3-A27D-45C9-A6B4-2B45A9510486}.Release|Any CPU.ActiveCfg = Release|Any CPU
		{6C4EB9E3-A27D-45C9-A6B4-2B45A9510486}.Release|Any CPU.Build.0 = Release|Any CPU
	EndGlobalSection
	GlobalSection(SolutionProperties) = preSolution
		HideSolutionNode = FALSE
	EndGlobalSection
	GlobalSection(ExtensibilityGlobals) = postSolution
		SolutionGuid = {D5EA1042-925C-4D7F-8A8D-267682ED87E1}
	EndGlobalSection
EndGlobal
